{
  "name": "new-cling4",
  "version": "0.0.0",
  "lockfileVersion": 1,
  "dependencies": {
    "handsontable": {
      "version": "0.31.2",
      "resolved": "https://registry.npmjs.org/handsontable/-/handsontable-0.31.2.tgz",
      "integrity": "sha1-J2xSCLb2efCgrlOaGAaoUnmUOgo="
    },
    "moment": {
      "version": "2.18.1",
      "resolved": "https://registry.npmjs.org/moment/-/moment-2.18.1.tgz",
      "integrity": "sha1-w2GT3Tzhwu7SrbfIAtu8d6gbHA8="
    },
    "ng2-handsontable": {
      "version": "1.0.3",
      "resolved": "https://registry.npmjs.org/ng2-handsontable/-/ng2-handsontable-1.0.3.tgz",
      "integrity": "sha512-UbX0ti3Wz7kaV27C636po0Y235SzDBmRH2QEqmyJ0HK77HK+mp1ztegv9z1U+Xqzffvec+oiplUiqLPvaHNmZg=="
    },
    "numbro": {
      "version": "1.11.0",
      "resolved": "https://registry.npmjs.org/numbro/-/numbro-1.11.0.tgz",
      "integrity": "sha1-OaoXs1i0aCrsjKDVdV81xdnOj54="
    },
    "pikaday": {
      "version": "1.6.0",
      "resolved": "https://registry.npmjs.org/pikaday/-/pikaday-1.6.0.tgz",
      "integrity": "sha512-OGO+4t/di57RwnW8Vk4xGveAq9+3gUFypqyKVNzywrFLKaTUwKEUqBcostOjaK2jn/CMabO+HHRMq56n5uS+pA=="
    },
    "zeroclipboard": {
      "version": "2.3.0",
      "resolved": "https://registry.npmjs.org/zeroclipboard/-/zeroclipboard-2.3.0.tgz",
      "integrity": "sha1-WS69gzpDCGiLBzlpfT2/mJACya8="
    }
  }
}
